{"1.2.0",
[{<<"cowlib">>,{pkg,<<"cowlib">>,<<"2.20.0">>},0},
 {<<"gun">>,{pkg,<<"gun">>,<<"2.6.0">>},0},
 {<<"jsx">>,{pkg,<<"jsx">>,<<"3.1.0">>},0}]}.
[
{pkg_hash,[
 {<<"cowlib">>, <<"BB525377BA634CD6D68BAC7BFF5D98571F738806139D335DACA827717C5DC172">>},
 {<<"gun">>, <<"4672FE3D2E056D9314A4639DB288B7E9CE0FE6BE8F2F4DD4ADBA7D2B56F7927C">>},
 {<<"jsx">>, <<"D12516BAA0BB23A59BB35DCCAF02A1BD08243FCBB9EFE24F2D9D056CCFF71268">>}]},
{pkg_hash_ext,[
 {<<"cowlib">>, <<"7D41A0DD2C093041FF3779AC5FE8A1585A68EC7CB2DD1DE0536BDD2452FD7BA1">>},
 {<<"gun">>, <<"69BB957F4BD6C475B5714460FD65C26FC7EB85760AA64B74754DE36CE5CCED7D">>},
 {<<"jsx">>, <<"0C5CC8FDC11B53CC25CF65AC6705AD39E54ECC56D1C22E4ADB8F5A53FB9427F3">>}]}
].
